
Microsoft Visual Studio Solution File, Format Version 12.00
# Visual Studio Version 17
VisualStudioVersion = 17.2.32630.192
MinimumVisualStudioVersion = 10.0.40219.1
Project("{9A19103F-16F7-4668-BE54-9A1E7A4F7556}") = "dionizos-backend-app", "Backend\dionizos-backend-app.csproj", "{E9B731D4-41F4-47B9-8A19-420378B4386B}"
EndProject
Project("{9A19103F-16F7-4668-BE54-9A1E7A4F7556}") = "Tests", "Tests\Tests.csproj", "{DF0CAAA6-6A23-4D7F-B754-73B6483B3A76}"
EndProject
Project("{2150E333-8FDC-42A3-9474-1A3956D46DE8}") = "Solution Items", "Solution Items", "{63406D14-CA79-454F-934A-EABC28634FBD}"
	ProjectSection(SolutionItems) = preProject
		.editorconfig = .editorconfig
	EndProjectSection
EndProject
Global
	GlobalSection(SolutionConfigurationPlatforms) = preSolution
		Debug|Any CPU = Debug|Any CPU
		Release|Any CPU = Release|Any CPU
	EndGlobalSection
	GlobalSection(ProjectConfigurationPlatforms) = postSolution
		{E9B731D4-41F4-47B9-8A19-420378B4386B}.Debug|Any CPU.ActiveCfg = Debug|Any CPU
		{E9B731D4-41F4-47B9-8A19-420378B4386B}.Debug|Any CPU.Build.0 = Debug|Any CPU
		{E9B731D4-41F4-47B9-8A19-420378B4386B}.Release|Any CPU.ActiveCfg = Release|Any CPU
		{E9B731D4-41F4-47B9-8A19-420378B4386B}.Release|Any CPU.Build.0 = Release|Any CPU
		{DF0CAAA6-6A23-4D7F-B754-73B6483B3A76}.Debug|Any CPU.ActiveCfg = Debug|Any CPU
		{DF0CAAA6-6A23-4D7F-B754-73B6483B3A76}.Debug|Any CPU.Build.0 = Debug|Any CPU
		{DF0CAAA6-6A23-4D7F-B754-73B6483B3A76}.Release|Any CPU.ActiveCfg = Release|Any CPU
		{DF0CAAA6-6A23-4D7F-B754-73B6483B3A76}.Release|Any CPU.Build.0 = Release|Any CPU
	EndGlobalSection
	GlobalSection(SolutionProperties) = preSolution
		HideSolutionNode = FALSE
	EndGlobalSection
	GlobalSection(ExtensibilityGlobals) = postSolution
		SolutionGuid = {DFA3C76F-3C72-4ED6-AA3F-3A26A9401020}
	EndGlobalSection
EndGlobal
